
Microsoft Visual Studio Solution File, Format Version 12.00
# Visual Studio 15
VisualStudioVersion = 15.0.27004.2006
MinimumVisualStudioVersion = 10.0.40219.1
Project("{FAE04EC0-301F-11D3-BF4B-00C04F79EFBC}") = "TipCalc.Core", "TipCalc.Core\TipCalc.Core.csproj", "{522FCEFA-AF13-4553-AE63-0030D5977995}"
EndProject
Project("{FAE04EC0-301F-11D3-BF4B-00C04F79EFBC}") = "TipCalc.Core.Tests", "TipCalc.Core.Tests\TipCalc.Core.Tests.csproj", "{D6859F94-C2E5-4EB4-BF82-BEBDEEAAFDA7}"
EndProject
Project("{FAE04EC0-301F-11D3-BF4B-00C04F79EFBC}") = "TipCalc.UI.Wpf", "TipCalc.UI.Wpf\TipCalc.UI.Wpf.csproj", "{311F5272-C509-4FE0-97A8-6D709F4EDAA8}"
EndProject
Global
	GlobalSection(SolutionConfigurationPlatforms) = preSolution
		Debug|Any CPU = Debug|Any CPU
		Release|Any CPU = Release|Any CPU
	EndGlobalSection
	GlobalSection(ProjectConfigurationPlatforms) = postSolution
		{522FCEFA-AF13-4553-AE63-0030D5977995}.Debug|Any CPU.ActiveCfg = Debug|Any CPU
		{522FCEFA-AF13-4553-AE63-0030D5977995}.Debug|Any CPU.Build.0 = Debug|Any CPU
		{522FCEFA-AF13-4553-AE63-0030D5977995}.Release|Any CPU.ActiveCfg = Release|Any CPU
		{522FCEFA-AF13-4553-AE63-0030D5977995}.Release|Any CPU.Build.0 = Release|Any CPU
		{D6859F94-C2E5-4EB4-BF82-BEBDEEAAFDA7}.Debug|Any CPU.ActiveCfg = Debug|Any CPU
		{D6859F94-C2E5-4EB4-BF82-BEBDEEAAFDA7}.Debug|Any CPU.Build.0 = Debug|Any CPU
		{D6859F94-C2E5-4EB4-BF82-BEBDEEAAFDA7}.Release|Any CPU.ActiveCfg = Release|Any CPU
		{D6859F94-C2E5-4EB4-BF82-BEBDEEAAFDA7}.Release|Any CPU.Build.0 = Release|Any CPU
		{311F5272-C509-4FE0-97A8-6D709F4EDAA8}.Debug|Any CPU.ActiveCfg = Debug|Any CPU
		{311F5272-C509-4FE0-97A8-6D709F4EDAA8}.Debug|Any CPU.Build.0 = Debug|Any CPU
		{311F5272-C509-4FE0-97A8-6D709F4EDAA8}.Release|Any CPU.ActiveCfg = Release|Any CPU
		{311F5272-C509-4FE0-97A8-6D709F4EDAA8}.Release|Any CPU.Build.0 = Release|Any CPU
	EndGlobalSection
	GlobalSection(SolutionProperties) = preSolution
		HideSolutionNode = FALSE
	EndGlobalSection
	GlobalSection(ExtensibilityGlobals) = postSolution
		SolutionGuid = {BEF35622-4D50-4B65-8D15-F77C5BEAA931}
	EndGlobalSection
EndGlobal
